
Microsoft Visual Studio Solution File, Format Version 12.00
# Visual Studio 15
VisualStudioVersion = 15.0.28010.2003
MinimumVisualStudioVersion = 10.0.40219.1
Project("{8BC9CEB8-8B4A-11D0-8D11-00A0C91BC942}") = "SI", "SI.vcxproj", "{C02445C9-F25D-4263-B4B9-B0A5F05B9AE5}"
EndProject
Global
	GlobalSection(SolutionConfigurationPlatforms) = preSolution
		Debug|Win32 = Debug|Win32
		Debug|x64 = Debug|x64
		Release|Win32 = Release|Win32
		Release|x64 = Release|x64
	EndGlobalSection
	GlobalSection(ProjectConfigurationPlatforms) = postSolution
		{C02445C9-F25D-4263-B4B9-B0A5F05B9AE5}.Debug|Win32.ActiveCfg = Debug|Win32
		{C02445C9-F25D-4263-B4B9-B0A5F05B9AE5}.Debug|Win32.Build.0 = Debug|Win32
		{C02445C9-F25D-4263-B4B9-B0A5F05B9AE5}.Debug|x64.ActiveCfg = Debug|x64
		{C02445C9-F25D-4263-B4B9-B0A5F05B9AE5}.Debug|x64.Build.0 = Debug|x64
		{C02445C9-F25D-4263-B4B9-B0A5F05B9AE5}.Release|Win32.ActiveCfg = Release|Win32
		{C02445C9-F25D-4263-B4B9-B0A5F05B9AE5}.Release|Win32.Build.0 = Release|Win32
		{C02445C9-F25D-4263-B4B9-B0A5F05B9AE5}.Release|x64.ActiveCfg = Release|x64
		{C02445C9-F25D-4263-B4B9-B0A5F05B9AE5}.Release|x64.Build.0 = Release|x64
	EndGlobalSection
	GlobalSection(SolutionProperties) = preSolution
		HideSolutionNode = FALSE
	EndGlobalSection
	GlobalSection(ExtensibilityGlobals) = postSolution
		SolutionGuid = {3D7E14CD-C5F5-4765-BD7A-7723F6CD21C9}
	EndGlobalSection
EndGlobal
